
Microsoft Visual Studio Solution File, Format Version 12.00
# Visual Studio Express 2012 for Windows Desktop
Project("{8BC9CEB8-8B4A-11D0-8D11-00A0C91BC942}") = "20180911", "20180911\20180911.vcxproj", "{6C0166E8-9589-41E7-858C-B83C04CE069E}"
EndProject
Project("{8BC9CEB8-8B4A-11D0-8D11-00A0C91BC942}") = "20180911hello2", "20180911hello2\20180911hello2.vcxproj", "{C7CA4882-44EF-4790-AD74-691C96D8B12B}"
EndProject
Project("{8BC9CEB8-8B4A-11D0-8D11-00A0C91BC942}") = "20181002변수자료형", "20181002변수자료형\20181002변수자료형.vcxproj", "{3FE047FD-F671-43AB-85C7-F252156F7C7F}"
EndProject
Project("{8BC9CEB8-8B4A-11D0-8D11-00A0C91BC942}") = "20181002변수", "20181002변수\20181002변수.vcxproj", "{AB34448D-5825-4CAE-A497-09684478A38A}"
EndProject
Project("{8BC9CEB8-8B4A-11D0-8D11-00A0C91BC942}") = "HW1-1", "HW1-1\HW1-1.vcxproj", "{2E2840CB-8BFB-4178-A2F0-815C068D09C5}"
EndProject
Project("{8BC9CEB8-8B4A-11D0-8D11-00A0C91BC942}") = "HW1-2", "HW1-2\HW1-2.vcxproj", "{000F72DE-8E8C-4B71-883D-F2031CC4A02A}"
EndProject
Project("{8BC9CEB8-8B4A-11D0-8D11-00A0C91BC942}") = "HW1-3", "HW1-3\HW1-3.vcxproj", "{27E69B3F-6971-47F6-8A31-0A6F8CE61440}"
EndProject
Project("{8BC9CEB8-8B4A-11D0-8D11-00A0C91BC942}") = "HW1-4", "HW1-4\HW1-4.vcxproj", "{CC18E58A-4497-4823-B206-1CF218299F2A}"
EndProject
Project("{8BC9CEB8-8B4A-11D0-8D11-00A0C91BC942}") = "HW1-5", "HW1-5\HW1-5.vcxproj", "{01462071-BB42-4C05-857F-49EDA5684173}"
EndProject
Project("{8BC9CEB8-8B4A-11D0-8D11-00A0C91BC942}") = "20181016Loop", "20181016Loop\20181016Loop.vcxproj", "{1A158392-82C8-4725-96F4-0D81F6007A2C}"
EndProject
Project("{8BC9CEB8-8B4A-11D0-8D11-00A0C91BC942}") = "HW2-1", "HW2-1\HW2-1.vcxproj", "{DB5F58C0-757B-46A3-9FBC-8FCC01EDC8F4}"
EndProject
Project("{8BC9CEB8-8B4A-11D0-8D11-00A0C91BC942}") = "HW2-2", "HW2-2\HW2-2.vcxproj", "{F4412FA1-1AE8-4C54-BD4F-46ACD89B6991}"
EndProject
Project("{8BC9CEB8-8B4A-11D0-8D11-00A0C91BC942}") = "HW2-3", "HW2-3\HW2-3.vcxproj", "{84BB4D8D-05E1-4908-AD92-7B9009843345}"
EndProject
Project("{8BC9CEB8-8B4A-11D0-8D11-00A0C91BC942}") = "HW2-4", "HW2-4\HW2-4.vcxproj", "{79480386-0D2B-4CB1-8925-51AB19550E4D}"
EndProject
Project("{8BC9CEB8-8B4A-11D0-8D11-00A0C91BC942}") = "HW2-5", "HW2-5\HW2-5.vcxproj", "{A2DC332A-50C6-4BCF-B2DD-9F15E3EEA718}"
EndProject
Project("{8BC9CEB8-8B4A-11D0-8D11-00A0C91BC942}") = "HW2-6", "HW2-6\HW2-6.vcxproj", "{1727B5B7-2047-4D11-AD30-CF980242FD39}"
EndProject
Project("{8BC9CEB8-8B4A-11D0-8D11-00A0C91BC942}") = "HW2-7", "HW2-7\HW2-7.vcxproj", "{A24D5ADF-9D53-4A8F-937B-5C073817D6AD}"
EndProject
Project("{8BC9CEB8-8B4A-11D0-8D11-00A0C91BC942}") = "HW2-8", "HW2-8\HW2-8.vcxproj", "{7C4BF9EB-D944-4D28-9D99-6DC25B56E002}"
EndProject
Project("{8BC9CEB8-8B4A-11D0-8D11-00A0C91BC942}") = "HW2-9", "HW2-9\HW2-9.vcxproj", "{9E3A939A-2DF5-4EE1-9F83-B4A4918442FC}"
EndProject
Project("{8BC9CEB8-8B4A-11D0-8D11-00A0C91BC942}") = "HW2-10", "HW2-10\HW2-10.vcxproj", "{FF285A4E-B7BD-4893-9CEF-44045339AEFE}"
EndProject
Project("{8BC9CEB8-8B4A-11D0-8D11-00A0C91BC942}") = "HW2-11", "HW2-11\HW2-11.vcxproj", "{EEF1EC04-E2AA-46E3-9E0E-D3A3BB492072}"
EndProject
Project("{8BC9CEB8-8B4A-11D0-8D11-00A0C91BC942}") = "HW2-12", "HW2-12\HW2-12.vcxproj", "{172D435E-D8F2-4A20-A959-B5DCD6C22F32}"
EndProject
Project("{8BC9CEB8-8B4A-11D0-8D11-00A0C91BC942}") = "HW2-13", "HW2-13\HW2-13.vcxproj", "{037057A5-2BED-4A84-BAC2-2434CBAFD90F}"
EndProject
Project("{8BC9CEB8-8B4A-11D0-8D11-00A0C91BC942}") = "HW2-14", "HW2-14\HW2-14.vcxproj", "{0F9ED987-281B-41BB-807B-4BD6FF426D5E}"
EndProject
Project("{8BC9CEB8-8B4A-11D0-8D11-00A0C91BC942}") = "HW2-15", "HW2-15\HW2-15.vcxproj", "{E004DDEA-FB6A-47BC-8D7C-C3AB0A010074}"
EndProject
Project("{8BC9CEB8-8B4A-11D0-8D11-00A0C91BC942}") = "HW2-16", "HW2-16\HW2-16.vcxproj", "{7720C620-10E3-4F19-B052-0615648E0636}"
EndProject
Project("{8BC9CEB8-8B4A-11D0-8D11-00A0C91BC942}") = "HW2-17", "HW2-17\HW2-17.vcxproj", "{A9303673-0597-4F09-9C28-636C793F7E0B}"
EndProject
Project("{8BC9CEB8-8B4A-11D0-8D11-00A0C91BC942}") = "HW2-18", "HW2-18\HW2-18.vcxproj", "{FEAE3E83-80AB-41F8-A33B-E2E1A0C45E42}"
EndProject
Project("{8BC9CEB8-8B4A-11D0-8D11-00A0C91BC942}") = "HW2-19", "HW2-19\HW2-19.vcxproj", "{2504EF51-87CD-4284-AAEF-7D635EA42898}"
EndProject
Project("{8BC9CEB8-8B4A-11D0-8D11-00A0C91BC942}") = "HW2-20", "HW2-20\HW2-20.vcxproj", "{38BC91B2-532E-4DD6-8A93-504258BD9D53}"
EndProject
Project("{8BC9CEB8-8B4A-11D0-8D11-00A0C91BC942}") = "HW2-21", "HW2-21\HW2-21.vcxproj", "{3AC4EE5B-6A00-4BD4-AE15-44070C21562D}"
EndProject
Project("{8BC9CEB8-8B4A-11D0-8D11-00A0C91BC942}") = "HW2-22", "HW2-22\HW2-22.vcxproj", "{369D8C9A-641A-4DA4-84B8-8B90B56CB0C4}"
EndProject
Project("{8BC9CEB8-8B4A-11D0-8D11-00A0C91BC942}") = "HW2-23", "HW2-23\HW2-23.vcxproj", "{A2BC7323-54DC-47D5-BF18-20890BAEBA18}"
EndProject
Project("{8BC9CEB8-8B4A-11D0-8D11-00A0C91BC942}") = "HW2-24", "HW2-24\HW2-24.vcxproj", "{091CC8A1-AC1D-47B4-8B14-965FA85A2312}"
EndProject
Project("{8BC9CEB8-8B4A-11D0-8D11-00A0C91BC942}") = "HW2-25", "HW2-25\HW2-25.vcxproj", "{F5AEC1DC-CA56-45E1-AB6E-E2A0B46FF0C8}"
EndProject
Project("{8BC9CEB8-8B4A-11D0-8D11-00A0C91BC942}") = "20181023function", "20181023function\20181023function.vcxproj", "{AC2A0F85-2436-4031-90A8-FC3E8B8C01A4}"
EndProject
Project("{8BC9CEB8-8B4A-11D0-8D11-00A0C91BC942}") = "HW3-1", "HW3-1\HW3-1.vcxproj", "{A884C9E0-AF70-49DF-820F-61621562366E}"
EndProject
Project("{8BC9CEB8-8B4A-11D0-8D11-00A0C91BC942}") = "HW3-2", "HW3-2\HW3-2.vcxproj", "{3FFCFB5F-7D3A-4268-A076-07D15AF0DE5A}"
EndProject
Project("{8BC9CEB8-8B4A-11D0-8D11-00A0C91BC942}") = "HW3-3", "HW3-3\HW3-3.vcxproj", "{51F35F58-A3A8-45BB-80B0-2A98A053DEFF}"
EndProject
Project("{8BC9CEB8-8B4A-11D0-8D11-00A0C91BC942}") = "HW3-4", "HW3-4\HW3-4.vcxproj", "{1D413ADC-78E6-42D5-AA0C-A19B59ACAC6B}"
EndProject
Project("{8BC9CEB8-8B4A-11D0-8D11-00A0C91BC942}") = "HW3-5", "HW3-5\HW3-5.vcxproj", "{3B645A4C-2D2B-40B4-B98D-A49D5B64EF2A}"
EndProject
Project("{8BC9CEB8-8B4A-11D0-8D11-00A0C91BC942}") = "HW3-6", "HW3-6\HW3-6.vcxproj", "{02756F43-F85F-4554-8F0C-9395C0F7E76F}"
EndProject
Project("{8BC9CEB8-8B4A-11D0-8D11-00A0C91BC942}") = "20181030Array", "20181030function\20181030function.vcxproj", "{089A9649-97E2-413E-920E-8D6CD1D7F6DA}"
EndProject
Project("{8BC9CEB8-8B4A-11D0-8D11-00A0C91BC942}") = "HW3-7", "HW3-7\HW3-7.vcxproj", "{69B5E52C-4FFB-4B0D-AC80-2B2EBA6A7164}"
EndProject
Project("{8BC9CEB8-8B4A-11D0-8D11-00A0C91BC942}") = "HW3-8", "HW3-8\HW3-8.vcxproj", "{6BBD8BF5-3964-4BF1-8C0A-34741DA7476D}"
EndProject
Project("{8BC9CEB8-8B4A-11D0-8D11-00A0C91BC942}") = "HW3-9", "HW3-9\HW3-9.vcxproj", "{362469F1-5C2A-4094-AE38-F78138DD69CD}"
EndProject
Project("{8BC9CEB8-8B4A-11D0-8D11-00A0C91BC942}") = "HW3-10", "HW3-10\HW3-10.vcxproj", "{69054518-4F28-494C-848E-765C6E7D61C6}"
EndProject
Project("{8BC9CEB8-8B4A-11D0-8D11-00A0C91BC942}") = "20181106Pointer", "20181106Pointer\20181106Pointer.vcxproj", "{13A4663D-7517-4E1E-B523-6F8200633C07}"
EndProject
Project("{8BC9CEB8-8B4A-11D0-8D11-00A0C91BC942}") = "20181106Call_by_pointer", "20181106Call_by_pointer\20181106Call_by_pointer.vcxproj", "{A250288E-BA7F-4A15-A838-67332A762AE8}"
EndProject
Project("{8BC9CEB8-8B4A-11D0-8D11-00A0C91BC942}") = "20181106Swap", "20181106Swap\20181106Swap.vcxproj", "{B282C6C7-8700-48CF-8AE7-9772A8DAF652}"
EndProject
Project("{8BC9CEB8-8B4A-11D0-8D11-00A0C91BC942}") = "20181106Pointer_Array", "20181106Pointer_Array\20181106Pointer_Array.vcxproj", "{8D5DDD43-84A4-49FF-8B18-F4056879DBBB}"
EndProject
Project("{8BC9CEB8-8B4A-11D0-8D11-00A0C91BC942}") = "20181113ArrayPointer", "20181113ArrayPointer\20181113ArrayPointer.vcxproj", "{52E8B6DB-396F-4ED8-975B-CDB10BABBB7E}"
EndProject
Project("{8BC9CEB8-8B4A-11D0-8D11-00A0C91BC942}") = "20181113Swap", "20181113Swap\20181113Swap.vcxproj", "{5F70D3DC-5376-4259-BD79-78A679EAC77F}"
EndProject
Project("{8BC9CEB8-8B4A-11D0-8D11-00A0C91BC942}") = "20181120InsertionSort", "20181120InsertionSort\20181120InsertionSort.vcxproj", "{9DF7F005-4D5E-46EC-A38B-42C035A8AECF}"
EndProject
Project("{8BC9CEB8-8B4A-11D0-8D11-00A0C91BC942}") = "20181120String", "20181120String\20181120String.vcxproj", "{9628AB36-205D-4D4D-971F-17802EBFF3C6}"
EndProject
Project("{8BC9CEB8-8B4A-11D0-8D11-00A0C91BC942}") = "20181127Structure", "20181127Structure\20181127Structure.vcxproj", "{55A395FE-D196-4AE4-887E-D153EBBABB80}"
EndProject
Global
	GlobalSection(SolutionConfigurationPlatforms) = preSolution
		Debug|Win32 = Debug|Win32
		Release|Win32 = Release|Win32
	EndGlobalSection
	GlobalSection(ProjectConfigurationPlatforms) = postSolution
		{6C0166E8-9589-41E7-858C-B83C04CE069E}.Debug|Win32.ActiveCfg = Debug|Win32
		{6C0166E8-9589-41E7-858C-B83C04CE069E}.Debug|Win32.Build.0 = Debug|Win32
		{6C0166E8-9589-41E7-858C-B83C04CE069E}.Release|Win32.ActiveCfg = Release|Win32
		{6C0166E8-9589-41E7-858C-B83C04CE069E}.Release|Win32.Build.0 = Release|Win32
		{C7CA4882-44EF-4790-AD74-691C96D8B12B}.Debug|Win32.ActiveCfg = Debug|Win32
		{C7CA4882-44EF-4790-AD74-691C96D8B12B}.Debug|Win32.Build.0 = Debug|Win32
		{C7CA4882-44EF-4790-AD74-691C96D8B12B}.Release|Win32.ActiveCfg = Release|Win32
		{C7CA4882-44EF-4790-AD74-691C96D8B12B}.Release|Win32.Build.0 = Release|Win32
		{3FE047FD-F671-43AB-85C7-F252156F7C7F}.Debug|Win32.ActiveCfg = Debug|Win32
		{3FE047FD-F671-43AB-85C7-F252156F7C7F}.Debug|Win32.Build.0 = Debug|Win32
		{3FE047FD-F671-43AB-85C7-F252156F7C7F}.Release|Win32.ActiveCfg = Release|Win32
		{3FE047FD-F671-43AB-85C7-F252156F7C7F}.Release|Win32.Build.0 = Release|Win32
		{AB34448D-5825-4CAE-A497-09684478A38A}.Debug|Win32.ActiveCfg = Debug|Win32
		{AB34448D-5825-4CAE-A497-09684478A38A}.Debug|Win32.Build.0 = Debug|Win32
		{AB34448D-5825-4CAE-A497-09684478A38A}.Release|Win32.ActiveCfg = Release|Win32
		{AB34448D-5825-4CAE-A497-09684478A38A}.Release|Win32.Build.0 = Release|Win32
		{2E2840CB-8BFB-4178-A2F0-815C068D09C5}.Debug|Win32.ActiveCfg = Debug|Win32
		{2E2840CB-8BFB-4178-A2F0-815C068D09C5}.Debug|Win32.Build.0 = Debug|Win32
		{2E2840CB-8BFB-4178-A2F0-815C068D09C5}.Release|Win32.ActiveCfg = Release|Win32
		{2E2840CB-8BFB-4178-A2F0-815C068D09C5}.Release|Win32.Build.0 = Release|Win32
		{000F72DE-8E8C-4B71-883D-F2031CC4A02A}.Debug|Win32.ActiveCfg = Debug|Win32
		{000F72DE-8E8C-4B71-883D-F2031CC4A02A}.Debug|Win32.Build.0 = Debug|Win32
		{000F72DE-8E8C-4B71-883D-F2031CC4A02A}.Release|Win32.ActiveCfg = Release|Win32
		{000F72DE-8E8C-4B71-883D-F2031CC4A02A}.Release|Win32.Build.0 = Release|Win32
		{27E69B3F-6971-47F6-8A31-0A6F8CE61440}.Debug|Win32.ActiveCfg = Debug|Win32
		{27E69B3F-6971-47F6-8A31-0A6F8CE61440}.Debug|Win32.Build.0 = Debug|Win32
		{27E69B3F-6971-47F6-8A31-0A6F8CE61440}.Release|Win32.ActiveCfg = Release|Win32
		{27E69B3F-6971-47F6-8A31-0A6F8CE61440}.Release|Win32.Build.0 = Release|Win32
		{CC18E58A-4497-4823-B206-1CF218299F2A}.Debug|Win32.ActiveCfg = Debug|Win32
		{CC18E58A-4497-4823-B206-1CF218299F2A}.Debug|Win32.Build.0 = Debug|Win32
		{CC18E58A-4497-4823-B206-1CF218299F2A}.Release|Win32.ActiveCfg = Release|Win32
		{CC18E58A-4497-4823-B206-1CF218299F2A}.Release|Win32.Build.0 = Release|Win32
		{01462071-BB42-4C05-857F-49EDA5684173}.Debug|Win32.ActiveCfg = Debug|Win32
		{01462071-BB42-4C05-857F-49EDA5684173}.Debug|Win32.Build.0 = Debug|Win32
		{01462071-BB42-4C05-857F-49EDA5684173}.Release|Win32.ActiveCfg = Release|Win32
		{01462071-BB42-4C05-857F-49EDA5684173}.Release|Win32.Build.0 = Release|Win32
		{1A158392-82C8-4725-96F4-0D81F6007A2C}.Debug|Win32.ActiveCfg = Debug|Win32
		{1A158392-82C8-4725-96F4-0D81F6007A2C}.Debug|Win32.Build.0 = Debug|Win32
		{1A158392-82C8-4725-96F4-0D81F6007A2C}.Release|Win32.ActiveCfg = Release|Win32
		{1A158392-82C8-4725-96F4-0D81F6007A2C}.Release|Win32.Build.0 = Release|Win32
		{DB5F58C0-757B-46A3-9FBC-8FCC01EDC8F4}.Debug|Win32.ActiveCfg = Debug|Win32
		{DB5F58C0-757B-46A3-9FBC-8FCC01EDC8F4}.Debug|Win32.Build.0 = Debug|Win32
		{DB5F58C0-757B-46A3-9FBC-8FCC01EDC8F4}.Release|Win32.ActiveCfg = Release|Win32
		{DB5F58C0-757B-46A3-9FBC-8FCC01EDC8F4}.Release|Win32.Build.0 = Release|Win32
		{F4412FA1-1AE8-4C54-BD4F-46ACD89B6991}.Debug|Win32.ActiveCfg = Debug|Win32
		{F4412FA1-1AE8-4C54-BD4F-46ACD89B6991}.Debug|Win32.Build.0 = Debug|Win32
		{F4412FA1-1AE8-4C54-BD4F-46ACD89B6991}.Release|Win32.ActiveCfg = Release|Win32
		{F4412FA1-1AE8-4C54-BD4F-46ACD89B6991}.Release|Win32.Build.0 = Release|Win32
		{84BB4D8D-05E1-4908-AD92-7B9009843345}.Debug|Win32.ActiveCfg = Debug|Win32
		{84BB4D8D-05E1-4908-AD92-7B9009843345}.Debug|Win32.Build.0 = Debug|Win32
		{84BB4D8D-05E1-4908-AD92-7B9009843345}.Release|Win32.ActiveCfg = Release|Win32
		{84BB4D8D-05E1-4908-AD92-7B9009843345}.Release|Win32.Build.0 = Release|Win32
		{79480386-0D2B-4CB1-8925-51AB19550E4D}.Debug|Win32.ActiveCfg = Debug|Win32
		{79480386-0D2B-4CB1-8925-51AB19550E4D}.Debug|Win32.Build.0 = Debug|Win32
		{79480386-0D2B-4CB1-8925-51AB19550E4D}.Release|Win32.ActiveCfg = Release|Win32
		{79480386-0D2B-4CB1-8925-51AB19550E4D}.Release|Win32.Build.0 = Release|Win32
		{A2DC332A-50C6-4BCF-B2DD-9F15E3EEA718}.Debug|Win32.ActiveCfg = Debug|Win32
		{A2DC332A-50C6-4BCF-B2DD-9F15E3EEA718}.Debug|Win32.Build.0 = Debug|Win32
		{A2DC332A-50C6-4BCF-B2DD-9F15E3EEA718}.Release|Win32.ActiveCfg = Release|Win32
		{A2DC332A-50C6-4BCF-B2DD-9F15E3EEA718}.Release|Win32.Build.0 = Release|Win32
		{1727B5B7-2047-4D11-AD30-CF980242FD39}.Debug|Win32.ActiveCfg = Debug|Win32
		{1727B5B7-2047-4D11-AD30-CF980242FD39}.Debug|Win32.Build.0 = Debug|Win32
		{1727B5B7-2047-4D11-AD30-CF980242FD39}.Release|Win32.ActiveCfg = Release|Win32
		{1727B5B7-2047-4D11-AD30-CF980242FD39}.Release|Win32.Build.0 = Release|Win32
		{A24D5ADF-9D53-4A8F-937B-5C073817D6AD}.Debug|Win32.ActiveCfg = Debug|Win32
		{A24D5ADF-9D53-4A8F-937B-5C073817D6AD}.Debug|Win32.Build.0 = Debug|Win32
		{A24D5ADF-9D53-4A8F-937B-5C073817D6AD}.Release|Win32.ActiveCfg = Release|Win32
		{A24D5ADF-9D53-4A8F-937B-5C073817D6AD}.Release|Win32.Build.0 = Release|Win32
		{7C4BF9EB-D944-4D28-9D99-6DC25B56E002}.Debug|Win32.ActiveCfg = Debug|Win32
		{7C4BF9EB-D944-4D28-9D99-6DC25B56E002}.Debug|Win32.Build.0 = Debug|Win32
		{7C4BF9EB-D944-4D28-9D99-6DC25B56E002}.Release|Win32.ActiveCfg = Release|Win32
		{7C4BF9EB-D944-4D28-9D99-6DC25B56E002}.Release|Win32.Build.0 = Release|Win32
		{9E3A939A-2DF5-4EE1-9F83-B4A4918442FC}.Debug|Win32.ActiveCfg = Debug|Win32
		{9E3A939A-2DF5-4EE1-9F83-B4A4918442FC}.Debug|Win32.Build.0 = Debug|Win32
		{9E3A939A-2DF5-4EE1-9F83-B4A4918442FC}.Release|Win32.ActiveCfg = Release|Win32
		{9E3A939A-2DF5-4EE1-9F83-B4A4918442FC}.Release|Win32.Build.0 = Release|Win32
		{FF285A4E-B7BD-4893-9CEF-44045339AEFE}.Debug|Win32.ActiveCfg = Debug|Win32
		{FF285A4E-B7BD-4893-9CEF-44045339AEFE}.Debug|Win32.Build.0 = Debug|Win32
		{FF285A4E-B7BD-4893-9CEF-44045339AEFE}.Release|Win32.ActiveCfg = Release|Win32
		{FF285A4E-B7BD-4893-9CEF-44045339AEFE}.Release|Win32.Build.0 = Release|Win32
		{EEF1EC04-E2AA-46E3-9E0E-D3A3BB492072}.Debug|Win32.ActiveCfg = Debug|Win32
		{EEF1EC04-E2AA-46E3-9E0E-D3A3BB492072}.Debug|Win32.Build.0 = Debug|Win32
		{EEF1EC04-E2AA-46E3-9E0E-D3A3BB492072}.Release|Win32.ActiveCfg = Release|Win32
		{EEF1EC04-E2AA-46E3-9E0E-D3A3BB492072}.Release|Win32.Build.0 = Release|Win32
		{172D435E-D8F2-4A20-A959-B5DCD6C22F32}.Debug|Win32.ActiveCfg = Debug|Win32
		{172D435E-D8F2-4A20-A959-B5DCD6C22F32}.Debug|Win32.Build.0 = Debug|Win32
		{172D435E-D8F2-4A20-A959-B5DCD6C22F32}.Release|Win32.ActiveCfg = Release|Win32
		{172D435E-D8F2-4A20-A959-B5DCD6C22F32}.Release|Win32.Build.0 = Release|Win32
		{037057A5-2BED-4A84-BAC2-2434CBAFD90F}.Debug|Win32.ActiveCfg = Debug|Win32
		{037057A5-2BED-4A84-BAC2-2434CBAFD90F}.Debug|Win32.Build.0 = Debug|Win32
		{037057A5-2BED-4A84-BAC2-2434CBAFD90F}.Release|Win32.ActiveCfg = Release|Win32
		{037057A5-2BED-4A84-BAC2-2434CBAFD90F}.Release|Win32.Build.0 = Release|Win32
		{0F9ED987-281B-41BB-807B-4BD6FF426D5E}.Debug|Win32.ActiveCfg = Debug|Win32
		{0F9ED987-281B-41BB-807B-4BD6FF426D5E}.Debug|Win32.Build.0 = Debug|Win32
		{0F9ED987-281B-41BB-807B-4BD6FF426D5E}.Release|Win32.ActiveCfg = Release|Win32
		{0F9ED987-281B-41BB-807B-4BD6FF426D5E}.Release|Win32.Build.0 = Release|Win32
		{E004DDEA-FB6A-47BC-8D7C-C3AB0A010074}.Debug|Win32.ActiveCfg = Debug|Win32
		{E004DDEA-FB6A-47BC-8D7C-C3AB0A010074}.Debug|Win32.Build.0 = Debug|Win32
		{E004DDEA-FB6A-47BC-8D7C-C3AB0A010074}.Release|Win32.ActiveCfg = Release|Win32
		{E004DDEA-FB6A-47BC-8D7C-C3AB0A010074}.Release|Win32.Build.0 = Release|Win32
		{7720C620-10E3-4F19-B052-0615648E0636}.Debug|Win32.ActiveCfg = Debug|Win32
		{7720C620-10E3-4F19-B052-0615648E0636}.Debug|Win32.Build.0 = Debug|Win32
		{7720C620-10E3-4F19-B052-0615648E0636}.Release|Win32.ActiveCfg = Release|Win32
		{7720C620-10E3-4F19-B052-0615648E0636}.Release|Win32.Build.0 = Release|Win32
		{A9303673-0597-4F09-9C28-636C793F7E0B}.Debug|Win32.ActiveCfg = Debug|Win32
		{A9303673-0597-4F09-9C28-636C793F7E0B}.Debug|Win32.Build.0 = Debug|Win32
		{A9303673-0597-4F09-9C28-636C793F7E0B}.Release|Win32.ActiveCfg = Release|Win32
		{A9303673-0597-4F09-9C28-636C793F7E0B}.Release|Win32.Build.0 = Release|Win32
		{FEAE3E83-80AB-41F8-A33B-E2E1A0C45E42}.Debug|Win32.ActiveCfg = Debug|Win32
		{FEAE3E83-80AB-41F8-A33B-E2E1A0C45E42}.Debug|Win32.Build.0 = Debug|Win32
		{FEAE3E83-80AB-41F8-A33B-E2E1A0C45E42}.Release|Win32.ActiveCfg = Release|Win32
		{FEAE3E83-80AB-41F8-A33B-E2E1A0C45E42}.Release|Win32.Build.0 = Release|Win32
		{2504EF51-87CD-4284-AAEF-7D635EA42898}.Debug|Win32.ActiveCfg = Debug|Win32
		{2504EF51-87CD-4284-AAEF-7D635EA42898}.Debug|Win32.Build.0 = Debug|Win32
		{2504EF51-87CD-4284-AAEF-7D635EA42898}.Release|Win32.ActiveCfg = Release|Win32
		{2504EF51-87CD-4284-AAEF-7D635EA42898}.Release|Win32.Build.0 = Release|Win32
		{38BC91B2-532E-4DD6-8A93-504258BD9D53}.Debug|Win32.ActiveCfg = Debug|Win32
		{38BC91B2-532E-4DD6-8A93-504258BD9D53}.Debug|Win32.Build.0 = Debug|Win32
		{38BC91B2-532E-4DD6-8A93-504258BD9D53}.Release|Win32.ActiveCfg = Release|Win32
		{38BC91B2-532E-4DD6-8A93-504258BD9D53}.Release|Win32.Build.0 = Release|Win32
		{3AC4EE5B-6A00-4BD4-AE15-44070C21562D}.Debug|Win32.ActiveCfg = Debug|Win32
		{3AC4EE5B-6A00-4BD4-AE15-44070C21562D}.Debug|Win32.Build.0 = Debug|Win32
		{3AC4EE5B-6A00-4BD4-AE15-44070C21562D}.Release|Win32.ActiveCfg = Release|Win32
		{3AC4EE5B-6A00-4BD4-AE15-44070C21562D}.Release|Win32.Build.0 = Release|Win32
		{369D8C9A-641A-4DA4-84B8-8B90B56CB0C4}.Debug|Win32.ActiveCfg = Debug|Win32
		{369D8C9A-641A-4DA4-84B8-8B90B56CB0C4}.Debug|Win32.Build.0 = Debug|Win32
		{369D8C9A-641A-4DA4-84B8-8B90B56CB0C4}.Release|Win32.ActiveCfg = Release|Win32
		{369D8C9A-641A-4DA4-84B8-8B90B56CB0C4}.Release|Win32.Build.0 = Release|Win32
		{A2BC7323-54DC-47D5-BF18-20890BAEBA18}.Debug|Win32.ActiveCfg = Debug|Win32
		{A2BC7323-54DC-47D5-BF18-20890BAEBA18}.Debug|Win32.Build.0 = Debug|Win32
		{A2BC7323-54DC-47D5-BF18-20890BAEBA18}.Release|Win32.ActiveCfg = Release|Win32
		{A2BC7323-54DC-47D5-BF18-20890BAEBA18}.Release|Win32.Build.0 = Release|Win32
		{091CC8A1-AC1D-47B4-8B14-965FA85A2312}.Debug|Win32.ActiveCfg = Debug|Win32
		{091CC8A1-AC1D-47B4-8B14-965FA85A2312}.Debug|Win32.Build.0 = Debug|Win32
		{091CC8A1-AC1D-47B4-8B14-965FA85A2312}.Release|Win32.ActiveCfg = Release|Win32
		{091CC8A1-AC1D-47B4-8B14-965FA85A2312}.Release|Win32.Build.0 = Release|Win32
		{F5AEC1DC-CA56-45E1-AB6E-E2A0B46FF0C8}.Debug|Win32.ActiveCfg = Debug|Win32
		{F5AEC1DC-CA56-45E1-AB6E-E2A0B46FF0C8}.Debug|Win32.Build.0 = Debug|Win32
		{F5AEC1DC-CA56-45E1-AB6E-E2A0B46FF0C8}.Release|Win32.ActiveCfg = Release|Win32
		{F5AEC1DC-CA56-45E1-AB6E-E2A0B46FF0C8}.Release|Win32.Build.0 = Release|Win32
		{AC2A0F85-2436-4031-90A8-FC3E8B8C01A4}.Debug|Win32.ActiveCfg = Debug|Win32
		{AC2A0F85-2436-4031-90A8-FC3E8B8C01A4}.Debug|Win32.Build.0 = Debug|Win32
		{AC2A0F85-2436-4031-90A8-FC3E8B8C01A4}.Release|Win32.ActiveCfg = Release|Win32
		{AC2A0F85-2436-4031-90A8-FC3E8B8C01A4}.Release|Win32.Build.0 = Release|Win32
		{A884C9E0-AF70-49DF-820F-61621562366E}.Debug|Win32.ActiveCfg = Debug|Win32
		{A884C9E0-AF70-49DF-820F-61621562366E}.Debug|Win32.Build.0 = Debug|Win32
		{A884C9E0-AF70-49DF-820F-61621562366E}.Release|Win32.ActiveCfg = Release|Win32
		{A884C9E0-AF70-49DF-820F-61621562366E}.Release|Win32.Build.0 = Release|Win32
		{3FFCFB5F-7D3A-4268-A076-07D15AF0DE5A}.Debug|Win32.ActiveCfg = Debug|Win32
		{3FFCFB5F-7D3A-4268-A076-07D15AF0DE5A}.Debug|Win32.Build.0 = Debug|Win32
		{3FFCFB5F-7D3A-4268-A076-07D15AF0DE5A}.Release|Win32.ActiveCfg = Release|Win32
		{3FFCFB5F-7D3A-4268-A076-07D15AF0DE5A}.Release|Win32.Build.0 = Release|Win32
		{51F35F58-A3A8-45BB-80B0-2A98A053DEFF}.Debug|Win32.ActiveCfg = Debug|Win32
		{51F35F58-A3A8-45BB-80B0-2A98A053DEFF}.Debug|Win32.Build.0 = Debug|Win32
		{51F35F58-A3A8-45BB-80B0-2A98A053DEFF}.Release|Win32.ActiveCfg = Release|Win32
		{51F35F58-A3A8-45BB-80B0-2A98A053DEFF}.Release|Win32.Build.0 = Release|Win32
		{1D413ADC-78E6-42D5-AA0C-A19B59ACAC6B}.Debug|Win32.ActiveCfg = Debug|Win32
		{1D413ADC-78E6-42D5-AA0C-A19B59ACAC6B}.Debug|Win32.Build.0 = Debug|Win32
		{1D413ADC-78E6-42D5-AA0C-A19B59ACAC6B}.Release|Win32.ActiveCfg = Release|Win32
		{1D413ADC-78E6-42D5-AA0C-A19B59ACAC6B}.Release|Win32.Build.0 = Release|Win32
		{3B645A4C-2D2B-40B4-B98D-A49D5B64EF2A}.Debug|Win32.ActiveCfg = Debug|Win32
		{3B645A4C-2D2B-40B4-B98D-A49D5B64EF2A}.Debug|Win32.Build.0 = Debug|Win32
		{3B645A4C-2D2B-40B4-B98D-A49D5B64EF2A}.Release|Win32.ActiveCfg = Release|Win32
		{3B645A4C-2D2B-40B4-B98D-A49D5B64EF2A}.Release|Win32.Build.0 = Release|Win32
		{02756F43-F85F-4554-8F0C-9395C0F7E76F}.Debug|Win32.ActiveCfg = Debug|Win32
		{02756F43-F85F-4554-8F0C-9395C0F7E76F}.Debug|Win32.Build.0 = Debug|Win32
		{02756F43-F85F-4554-8F0C-9395C0F7E76F}.Release|Win32.ActiveCfg = Release|Win32
		{02756F43-F85F-4554-8F0C-9395C0F7E76F}.Release|Win32.Build.0 = Release|Win32
		{089A9649-97E2-413E-920E-8D6CD1D7F6DA}.Debug|Win32.ActiveCfg = Debug|Win32
		{089A9649-97E2-413E-920E-8D6CD1D7F6DA}.Debug|Win32.Build.0 = Debug|Win32
		{089A9649-97E2-413E-920E-8D6CD1D7F6DA}.Release|Win32.ActiveCfg = Release|Win32
		{089A9649-97E2-413E-920E-8D6CD1D7F6DA}.Release|Win32.Build.0 = Release|Win32
		{69B5E52C-4FFB-4B0D-AC80-2B2EBA6A7164}.Debug|Win32.ActiveCfg = Debug|Win32
		{69B5E52C-4FFB-4B0D-AC80-2B2EBA6A7164}.Debug|Win32.Build.0 = Debug|Win32
		{69B5E52C-4FFB-4B0D-AC80-2B2EBA6A7164}.Release|Win32.ActiveCfg = Release|Win32
		{69B5E52C-4FFB-4B0D-AC80-2B2EBA6A7164}.Release|Win32.Build.0 = Release|Win32
		{6BBD8BF5-3964-4BF1-8C0A-34741DA7476D}.Debug|Win32.ActiveCfg = Debug|Win32
		{6BBD8BF5-3964-4BF1-8C0A-34741DA7476D}.Debug|Win32.Build.0 = Debug|Win32
		{6BBD8BF5-3964-4BF1-8C0A-34741DA7476D}.Release|Win32.ActiveCfg = Release|Win32
		{6BBD8BF5-3964-4BF1-8C0A-34741DA7476D}.Release|Win32.Build.0 = Release|Win32
		{362469F1-5C2A-4094-AE38-F78138DD69CD}.Debug|Win32.ActiveCfg = Debug|Win32
		{362469F1-5C2A-4094-AE38-F78138DD69CD}.Debug|Win32.Build.0 = Debug|Win32
		{362469F1-5C2A-4094-AE38-F78138DD69CD}.Release|Win32.ActiveCfg = Release|Win32
		{362469F1-5C2A-4094-AE38-F78138DD69CD}.Release|Win32.Build.0 = Release|Win32
		{69054518-4F28-494C-848E-765C6E7D61C6}.Debug|Win32.ActiveCfg = Debug|Win32
		{69054518-4F28-494C-848E-765C6E7D61C6}.Debug|Win32.Build.0 = Debug|Win32
		{69054518-4F28-494C-848E-765C6E7D61C6}.Release|Win32.ActiveCfg = Release|Win32
		{69054518-4F28-494C-848E-765C6E7D61C6}.Release|Win32.Build.0 = Release|Win32
		{13A4663D-7517-4E1E-B523-6F8200633C07}.Debug|Win32.ActiveCfg = Debug|Win32
		{13A4663D-7517-4E1E-B523-6F8200633C07}.Debug|Win32.Build.0 = Debug|Win32
		{13A4663D-7517-4E1E-B523-6F8200633C07}.Release|Win32.ActiveCfg = Release|Win32
		{13A4663D-7517-4E1E-B523-6F8200633C07}.Release|Win32.Build.0 = Release|Win32
		{A250288E-BA7F-4A15-A838-67332A762AE8}.Debug|Win32.ActiveCfg = Debug|Win32
		{A250288E-BA7F-4A15-A838-67332A762AE8}.Debug|Win32.Build.0 = Debug|Win32
		{A250288E-BA7F-4A15-A838-67332A762AE8}.Release|Win32.ActiveCfg = Release|Win32
		{A250288E-BA7F-4A15-A838-67332A762AE8}.Release|Win32.Build.0 = Release|Win32
		{B282C6C7-8700-48CF-8AE7-9772A8DAF652}.Debug|Win32.ActiveCfg = Debug|Win32
		{B282C6C7-8700-48CF-8AE7-9772A8DAF652}.Debug|Win32.Build.0 = Debug|Win32
		{B282C6C7-8700-48CF-8AE7-9772A8DAF652}.Release|Win32.ActiveCfg = Release|Win32
		{B282C6C7-8700-48CF-8AE7-9772A8DAF652}.Release|Win32.Build.0 = Release|Win32
		{8D5DDD43-84A4-49FF-8B18-F4056879DBBB}.Debug|Win32.ActiveCfg = Debug|Win32
		{8D5DDD43-84A4-49FF-8B18-F4056879DBBB}.Debug|Win32.Build.0 = Debug|Win32
		{8D5DDD43-84A4-49FF-8B18-F4056879DBBB}.Release|Win32.ActiveCfg = Release|Win32
		{8D5DDD43-84A4-49FF-8B18-F4056879DBBB}.Release|Win32.Build.0 = Release|Win32
		{52E8B6DB-396F-4ED8-975B-CDB10BABBB7E}.Debug|Win32.ActiveCfg = Debug|Win32
		{52E8B6DB-396F-4ED8-975B-CDB10BABBB7E}.Debug|Win32.Build.0 = Debug|Win32
		{52E8B6DB-396F-4ED8-975B-CDB10BABBB7E}.Release|Win32.ActiveCfg = Release|Win32
		{52E8B6DB-396F-4ED8-975B-CDB10BABBB7E}.Release|Win32.Build.0 = Release|Win32
		{5F70D3DC-5376-4259-BD79-78A679EAC77F}.Debug|Win32.ActiveCfg = Debug|Win32
		{5F70D3DC-5376-4259-BD79-78A679EAC77F}.Debug|Win32.Build.0 = Debug|Win32
		{5F70D3DC-5376-4259-BD79-78A679EAC77F}.Release|Win32.ActiveCfg = Release|Win32
		{5F70D3DC-5376-4259-BD79-78A679EAC77F}.Release|Win32.Build.0 = Release|Win32
		{9DF7F005-4D5E-46EC-A38B-42C035A8AECF}.Debug|Win32.ActiveCfg = Debug|Win32
		{9DF7F005-4D5E-46EC-A38B-42C035A8AECF}.Debug|Win32.Build.0 = Debug|Win32
		{9DF7F005-4D5E-46EC-A38B-42C035A8AECF}.Release|Win32.ActiveCfg = Release|Win32
		{9DF7F005-4D5E-46EC-A38B-42C035A8AECF}.Release|Win32.Build.0 = Release|Win32
		{9628AB36-205D-4D4D-971F-17802EBFF3C6}.Debug|Win32.ActiveCfg = Debug|Win32
		{9628AB36-205D-4D4D-971F-17802EBFF3C6}.Debug|Win32.Build.0 = Debug|Win32
		{9628AB36-205D-4D4D-971F-17802EBFF3C6}.Release|Win32.ActiveCfg = Release|Win32
		{9628AB36-205D-4D4D-971F-17802EBFF3C6}.Release|Win32.Build.0 = Release|Win32
		{55A395FE-D196-4AE4-887E-D153EBBABB80}.Debug|Win32.ActiveCfg = Debug|Win32
		{55A395FE-D196-4AE4-887E-D153EBBABB80}.Debug|Win32.Build.0 = Debug|Win32
		{55A395FE-D196-4AE4-887E-D153EBBABB80}.Release|Win32.ActiveCfg = Release|Win32
		{55A395FE-D196-4AE4-887E-D153EBBABB80}.Release|Win32.Build.0 = Release|Win32
	EndGlobalSection
	GlobalSection(SolutionProperties) = preSolution
		HideSolutionNode = FALSE
	EndGlobalSection
EndGlobal
