
Microsoft Visual Studio Solution File, Format Version 12.00
# Visual Studio Express 2012 for Windows Desktop
Project("{8BC9CEB8-8B4A-11D0-8D11-00A0C91BC942}") = "20180911", "20180911\20180911.vcxproj", "{6C0166E8-9589-41E7-858C-B83C04CE069E}"
EndProject
Project("{8BC9CEB8-8B4A-11D0-8D11-00A0C91BC942}") = "20180911hello2", "20180911hello2\20180911hello2.vcxproj", "{C7CA4882-44EF-4790-AD74-691C96D8B12B}"
EndProject
Project("{8BC9CEB8-8B4A-11D0-8D11-00A0C91BC942}") = "20181002변수자료형", "20181002변수자료형\20181002변수자료형.vcxproj", "{3FE047FD-F671-43AB-85C7-F252156F7C7F}"
EndProject
Project("{8BC9CEB8-8B4A-11D0-8D11-00A0C91BC942}") = "20181002변수", "20181002변수\20181002변수.vcxproj", "{AB34448D-5825-4CAE-A497-09684478A38A}"
EndProject
Project("{8BC9CEB8-8B4A-11D0-8D11-00A0C91BC942}") = "HW1-1", "HW1-1\HW1-1.vcxproj", "{2E2840CB-8BFB-4178-A2F0-815C068D09C5}"
EndProject
Project("{8BC9CEB8-8B4A-11D0-8D11-00A0C91BC942}") = "HW1-2", "HW1-2\HW1-2.vcxproj", "{000F72DE-8E8C-4B71-883D-F2031CC4A02A}"
EndProject
Project("{8BC9CEB8-8B4A-11D0-8D11-00A0C91BC942}") = "HW1-3", "HW1-3\HW1-3.vcxproj", "{27E69B3F-6971-47F6-8A31-0A6F8CE61440}"
EndProject
Project("{8BC9CEB8-8B4A-11D0-8D11-00A0C91BC942}") = "HW1-4", "HW1-4\HW1-4.vcxproj", "{CC18E58A-4497-4823-B206-1CF218299F2A}"
EndProject
Project("{8BC9CEB8-8B4A-11D0-8D11-00A0C91BC942}") = "HW1-5", "HW1-5\HW1-5.vcxproj", "{01462071-BB42-4C05-857F-49EDA5684173}"
EndProject
Project("{8BC9CEB8-8B4A-11D0-8D11-00A0C91BC942}") = "20181016Loop", "20181016Loop\20181016Loop.vcxproj", "{1A158392-82C8-4725-96F4-0D81F6007A2C}"
EndProject
Global
	GlobalSection(SolutionConfigurationPlatforms) = preSolution
		Debug|Win32 = Debug|Win32
		Release|Win32 = Release|Win32
	EndGlobalSection
	GlobalSection(ProjectConfigurationPlatforms) = postSolution
		{6C0166E8-9589-41E7-858C-B83C04CE069E}.Debug|Win32.ActiveCfg = Debug|Win32
		{6C0166E8-9589-41E7-858C-B83C04CE069E}.Debug|Win32.Build.0 = Debug|Win32
		{6C0166E8-9589-41E7-858C-B83C04CE069E}.Release|Win32.ActiveCfg = Release|Win32
		{6C0166E8-9589-41E7-858C-B83C04CE069E}.Release|Win32.Build.0 = Release|Win32
		{C7CA4882-44EF-4790-AD74-691C96D8B12B}.Debug|Win32.ActiveCfg = Debug|Win32
		{C7CA4882-44EF-4790-AD74-691C96D8B12B}.Debug|Win32.Build.0 = Debug|Win32
		{C7CA4882-44EF-4790-AD74-691C96D8B12B}.Release|Win32.ActiveCfg = Release|Win32
		{C7CA4882-44EF-4790-AD74-691C96D8B12B}.Release|Win32.Build.0 = Release|Win32
		{3FE047FD-F671-43AB-85C7-F252156F7C7F}.Debug|Win32.ActiveCfg = Debug|Win32
		{3FE047FD-F671-43AB-85C7-F252156F7C7F}.Debug|Win32.Build.0 = Debug|Win32
		{3FE047FD-F671-43AB-85C7-F252156F7C7F}.Release|Win32.ActiveCfg = Release|Win32
		{3FE047FD-F671-43AB-85C7-F252156F7C7F}.Release|Win32.Build.0 = Release|Win32
		{AB34448D-5825-4CAE-A497-09684478A38A}.Debug|Win32.ActiveCfg = Debug|Win32
		{AB34448D-5825-4CAE-A497-09684478A38A}.Debug|Win32.Build.0 = Debug|Win32
		{AB34448D-5825-4CAE-A497-09684478A38A}.Release|Win32.ActiveCfg = Release|Win32
		{AB34448D-5825-4CAE-A497-09684478A38A}.Release|Win32.Build.0 = Release|Win32
		{2E2840CB-8BFB-4178-A2F0-815C068D09C5}.Debug|Win32.ActiveCfg = Debug|Win32
		{2E2840CB-8BFB-4178-A2F0-815C068D09C5}.Debug|Win32.Build.0 = Debug|Win32
		{2E2840CB-8BFB-4178-A2F0-815C068D09C5}.Release|Win32.ActiveCfg = Release|Win32
		{2E2840CB-8BFB-4178-A2F0-815C068D09C5}.Release|Win32.Build.0 = Release|Win32
		{000F72DE-8E8C-4B71-883D-F2031CC4A02A}.Debug|Win32.ActiveCfg = Debug|Win32
		{000F72DE-8E8C-4B71-883D-F2031CC4A02A}.Debug|Win32.Build.0 = Debug|Win32
		{000F72DE-8E8C-4B71-883D-F2031CC4A02A}.Release|Win32.ActiveCfg = Release|Win32
		{000F72DE-8E8C-4B71-883D-F2031CC4A02A}.Release|Win32.Build.0 = Release|Win32
		{27E69B3F-6971-47F6-8A31-0A6F8CE61440}.Debug|Win32.ActiveCfg = Debug|Win32
		{27E69B3F-6971-47F6-8A31-0A6F8CE61440}.Debug|Win32.Build.0 = Debug|Win32
		{27E69B3F-6971-47F6-8A31-0A6F8CE61440}.Release|Win32.ActiveCfg = Release|Win32
		{27E69B3F-6971-47F6-8A31-0A6F8CE61440}.Release|Win32.Build.0 = Release|Win32
		{CC18E58A-4497-4823-B206-1CF218299F2A}.Debug|Win32.ActiveCfg = Debug|Win32
		{CC18E58A-4497-4823-B206-1CF218299F2A}.Debug|Win32.Build.0 = Debug|Win32
		{CC18E58A-4497-4823-B206-1CF218299F2A}.Release|Win32.ActiveCfg = Release|Win32
		{CC18E58A-4497-4823-B206-1CF218299F2A}.Release|Win32.Build.0 = Release|Win32
		{01462071-BB42-4C05-857F-49EDA5684173}.Debug|Win32.ActiveCfg = Debug|Win32
		{01462071-BB42-4C05-857F-49EDA5684173}.Debug|Win32.Build.0 = Debug|Win32
		{01462071-BB42-4C05-857F-49EDA5684173}.Release|Win32.ActiveCfg = Release|Win32
		{01462071-BB42-4C05-857F-49EDA5684173}.Release|Win32.Build.0 = Release|Win32
		{1A158392-82C8-4725-96F4-0D81F6007A2C}.Debug|Win32.ActiveCfg = Debug|Win32
		{1A158392-82C8-4725-96F4-0D81F6007A2C}.Debug|Win32.Build.0 = Debug|Win32
		{1A158392-82C8-4725-96F4-0D81F6007A2C}.Release|Win32.ActiveCfg = Release|Win32
		{1A158392-82C8-4725-96F4-0D81F6007A2C}.Release|Win32.Build.0 = Release|Win32
	EndGlobalSection
	GlobalSection(SolutionProperties) = preSolution
		HideSolutionNode = FALSE
	EndGlobalSection
EndGlobal
